github.com/Hughshine/learngo v1.0.0 h1:jqxTzb7DlrQblT5JsbJP69xnJQyhfZaSaPJTOlcOaB8=
github.com/Hughshine/learngo v1.0.0/go.mod h1:He1WG7gPVsCJ1Zeem1ClqiVN7uX5B/z/nq/MH0WuX8E=
github.com/Hughshine/learngo v1.0.1 h1:ULU9FDcM5PEd9TkqVQggehhSDo5ir1lfRr8sSWkJ28M=
github.com/Hughshine/learngo v1.0.1/go.mod h1:He1WG7gPVsCJ1Zeem1ClqiVN7uX5B/z/nq/MH0WuX8E=
github.com/Hughshine/learngo/v2 v2.0.0 h1:roE9I0EU7M1JOtr/9+xCMGXXXdhJI82hT51Q8cPAuQ4=
github.com/Hughshine/learngo/v2 v2.0.0/go.mod h1:pd1fSlxvOZk78j8AOSiYP/9tl9B/m/7meTOAqH2UDTA=
